// !$*UTF8*$!
{
	archiveVersion = 1;
	classes = {
	};
	objectVersion = 50;
	objects = {

/* Begin PBXBuildFile section */
		2B00D50725FACEF30097485A /* AppDelegate.swift in Sources */ = {isa = PBXBuildFile; fileRef = 2B00D50625FACEF30097485A /* AppDelegate.swift */; };
		2B00D50925FACEF30097485A /* SceneDelegate.swift in Sources */ = {isa = PBXBuildFile; fileRef = 2B00D50825FACEF30097485A /* SceneDelegate.swift */; };
		2B00D50B25FACEF30097485A /* ViewController.swift in Sources */ = {isa = PBXBuildFile; fileRef = 2B00D50A25FACEF30097485A /* ViewController.swift */; };
		2B00D50E25FACEF30097485A /* Main.storyboard in Resources */ = {isa = PBXBuildFile; fileRef = 2B00D50C25FACEF30097485A /* Main.storyboard */; };
		2B00D51025FACEF40097485A /* Assets.xcassets in Resources */ = {isa = PBXBuildFile; fileRef = 2B00D50F25FACEF40097485A /* Assets.xcassets */; };
		2B00D51325FACEF40097485A /* LaunchScreen.storyboard in Resources */ = {isa = PBXBuildFile; fileRef = 2B00D51125FACEF40097485A /* LaunchScreen.storyboard */; };
		2B00D51F25FACFA60097485A /* Movie.swift in Sources */ = {isa = PBXBuildFile; fileRef = 2B00D51E25FACFA60097485A /* Movie.swift */; };
		2B00D52325FACFEB0097485A /* AddMovieDelegation.swift in Sources */ = {isa = PBXBuildFile; fileRef = 2B00D52225FACFEB0097485A /* AddMovieDelegation.swift */; };
		2B00D52625FAD0160097485A /* SelectGendra.swift in Sources */ = {isa = PBXBuildFile; fileRef = 2B00D52525FAD0160097485A /* SelectGendra.swift */; };
		2B00D52A25FAD09C0097485A /* MovieTableViewController.swift in Sources */ = {isa = PBXBuildFile; fileRef = 2B00D52925FAD09C0097485A /* MovieTableViewController.swift */; };
		2B00D52D25FAD1350097485A /* MovieTableViewCell.swift in Sources */ = {isa = PBXBuildFile; fileRef = 2B00D52C25FAD1350097485A /* MovieTableViewCell.swift */; };
		2B00D53025FAD17D0097485A /* AddMovieViewController.swift in Sources */ = {isa = PBXBuildFile; fileRef = 2B00D52F25FAD17D0097485A /* AddMovieViewController.swift */; };
		2B00D53325FAD1D80097485A /* GenraTableViewController.swift in Sources */ = {isa = PBXBuildFile; fileRef = 2B00D53225FAD1D80097485A /* GenraTableViewController.swift */; };
/* End PBXBuildFile section */

/* Begin PBXFileReference section */
		2B00D50325FACEF30097485A /* Movie Application.app */ = {isa = PBXFileReference; explicitFileType = wrapper.application; includeInIndex = 0; path = "Movie Application.app"; sourceTree = BUILT_PRODUCTS_DIR; };
		2B00D50625FACEF30097485A /* AppDelegate.swift */ = {isa = PBXFileReference; lastKnownFileType = sourcecode.swift; path = AppDelegate.swift; sourceTree = "<group>"; };
		2B00D50825FACEF30097485A /* SceneDelegate.swift */ = {isa = PBXFileReference; lastKnownFileType = sourcecode.swift; path = SceneDelegate.swift; sourceTree = "<group>"; };
		2B00D50A25FACEF30097485A /* ViewController.swift */ = {isa = PBXFileReference; lastKnownFileType = sourcecode.swift; path = ViewController.swift; sourceTree = "<group>"; };
		2B00D50D25FACEF30097485A /* Base */ = {isa = PBXFileReference; lastKnownFileType = file.storyboard; name = Base; path = Base.lproj/Main.storyboard; sourceTree = "<group>"; };
		2B00D50F25FACEF40097485A /* Assets.xcassets */ = {isa = PBXFileReference; lastKnownFileType = folder.assetcatalog; path = Assets.xcassets; sourceTree = "<group>"; };
		2B00D51225FACEF40097485A /* Base */ = {isa = PBXFileReference; lastKnownFileType = file.storyboard; name = Base; path = Base.lproj/LaunchScreen.storyboard; sourceTree = "<group>"; };
		2B00D51425FACEF40097485A /* Info.plist */ = {isa = PBXFileReference; lastKnownFileType = text.plist.xml; path = Info.plist; sourceTree = "<group>"; };
		2B00D51E25FACFA60097485A /* Movie.swift */ = {isa = PBXFileReference; lastKnownFileType = sourcecode.swift; path = Movie.swift; sourceTree = "<group>"; };
		2B00D52225FACFEB0097485A /* AddMovieDelegation.swift */ = {isa = PBXFileReference; lastKnownFileType = sourcecode.swift; path = AddMovieDelegation.swift; sourceTree = "<group>"; };
		2B00D52525FAD0160097485A /* SelectGendra.swift */ = {isa = PBXFileReference; lastKnownFileType = sourcecode.swift; path = SelectGendra.swift; sourceTree = "<group>"; };
		2B00D52925FAD09C0097485A /* MovieTableViewController.swift */ = {isa = PBXFileReference; lastKnownFileType = sourcecode.swift; path = MovieTableViewController.swift; sourceTree = "<group>"; };
		2B00D52C25FAD1350097485A /* MovieTableViewCell.swift */ = {isa = PBXFileReference; lastKnownFileType = sourcecode.swift; path = MovieTableViewCell.swift; sourceTree = "<group>"; };
		2B00D52F25FAD17D0097485A /* AddMovieViewController.swift */ = {isa = PBXFileReference; lastKnownFileType = sourcecode.swift; path = AddMovieViewController.swift; sourceTree = "<group>"; };
		2B00D53225FAD1D80097485A /* GenraTableViewController.swift */ = {isa = PBXFileReference; lastKnownFileType = sourcecode.swift; path = GenraTableViewController.swift; sourceTree = "<group>"; };
/* End PBXFileReference section */

/* Begin PBXFrameworksBuildPhase section */
		2B00D50025FACEF30097485A /* Frameworks */ = {
			isa = PBXFrameworksBuildPhase;
			buildActionMask = 2147483647;
			files = (
			);
			runOnlyForDeploymentPostprocessing = 0;
		};
/* End PBXFrameworksBuildPhase section */

/* Begin PBXGroup section */
		2B00D4FA25FACEF30097485A = {
			isa = PBXGroup;
			children = (
				2B00D50525FACEF30097485A /* Movie Application */,
				2B00D50425FACEF30097485A /* Products */,
			);
			sourceTree = "<group>";
		};
		2B00D50425FACEF30097485A /* Products */ = {
			isa = PBXGroup;
			children = (
				2B00D50325FACEF30097485A /* Movie Application.app */,
			);
			name = Products;
			sourceTree = "<group>";
		};
		2B00D50525FACEF30097485A /* Movie Application */ = {
			isa = PBXGroup;
			children = (
				2B00D51D25FACF5D0097485A /* View */,
				2B00D51C25FACF4E0097485A /* Controllers */,
				2B00D51B25FACF360097485A /* Model */,
				2B00D50625FACEF30097485A /* AppDelegate.swift */,
				2B00D50825FACEF30097485A /* SceneDelegate.swift */,
				2B00D50F25FACEF40097485A /* Assets.xcassets */,
				2B00D51425FACEF40097485A /* Info.plist */,
			);
			path = "Movie Application";
			sourceTree = "<group>";
		};
		2B00D51B25FACF360097485A /* Model */ = {
			isa = PBXGroup;
			children = (
				2B00D51E25FACFA60097485A /* Movie.swift */,
				2B00D52225FACFEB0097485A /* AddMovieDelegation.swift */,
				2B00D52525FAD0160097485A /* SelectGendra.swift */,
			);
			path = Model;
			sourceTree = "<group>";
		};
		2B00D51C25FACF4E0097485A /* Controllers */ = {
			isa = PBXGroup;
			children = (
				2B00D50A25FACEF30097485A /* ViewController.swift */,
				2B00D52925FAD09C0097485A /* MovieTableViewController.swift */,
				2B00D52C25FAD1350097485A /* MovieTableViewCell.swift */,
				2B00D52F25FAD17D0097485A /* AddMovieViewController.swift */,
				2B00D53225FAD1D80097485A /* GenraTableViewController.swift */,
			);
			path = Controllers;
			sourceTree = "<group>";
		};
		2B00D51D25FACF5D0097485A /* View */ = {
			isa = PBXGroup;
			children = (
				2B00D50C25FACEF30097485A /* Main.storyboard */,
				2B00D51125FACEF40097485A /* LaunchScreen.storyboard */,
			);
			path = View;
			sourceTree = "<group>";
		};
/* End PBXGroup section */

/* Begin PBXNativeTarget section */
		2B00D50225FACEF30097485A /* Movie Application */ = {
			isa = PBXNativeTarget;
			buildConfigurationList = 2B00D51725FACEF40097485A /* Build configuration list for PBXNativeTarget "Movie Application" */;
			buildPhases = (
				2B00D4FF25FACEF30097485A /* Sources */,
				2B00D50025FACEF30097485A /* Frameworks */,
				2B00D50125FACEF30097485A /* Resources */,
			);
			buildRules = (
			);
			dependencies = (
			);
			name = "Movie Application";
			productName = "Movie Application";
			productReference = 2B00D50325FACEF30097485A /* Movie Application.app */;
			productType = "com.apple.product-type.application";
		};
/* End PBXNativeTarget section */

/* Begin PBXProject section */
		2B00D4FB25FACEF30097485A /* Project object */ = {
			isa = PBXProject;
			attributes = {
				LastSwiftUpdateCheck = 1230;
				LastUpgradeCheck = 1230;
				TargetAttributes = {
					2B00D50225FACEF30097485A = {
						CreatedOnToolsVersion = 12.3;
					};
				};
			};
			buildConfigurationList = 2B00D4FE25FACEF30097485A /* Build configuration list for PBXProject "Movie Application" */;
			compatibilityVersion = "Xcode 9.3";
			developmentRegion = en;
			hasScannedForEncodings = 0;
			knownRegions = (
				en,
				Base,
			);
			mainGroup = 2B00D4FA25FACEF30097485A;
			productRefGroup = 2B00D50425FACEF30097485A /* Products */;
			projectDirPath = "";
			projectRoot = "";
			targets = (
				2B00D50225FACEF30097485A /* Movie Application */,
			);
		};
/* End PBXProject section */

/* Begin PBXResourcesBuildPhase section */
		2B00D50125FACEF30097485A /* Resources */ = {
			isa = PBXResourcesBuildPhase;
			buildActionMask = 2147483647;
			files = (
				2B00D51325FACEF40097485A /* LaunchScreen.storyboard in Resources */,
				2B00D51025FACEF40097485A /* Assets.xcassets in Resources */,
				2B00D50E25FACEF30097485A /* Main.storyboard in Resources */,
			);
			runOnlyForDeploymentPostprocessing = 0;
		};
/* End PBXResourcesBuildPhase section */

/* Begin PBXSourcesBuildPhase section */
		2B00D4FF25FACEF30097485A /* Sources */ = {
			isa = PBXSourcesBuildPhase;
			buildActionMask = 2147483647;
			files = (
				2B00D52625FAD0160097485A /* SelectGendra.swift in Sources */,
				2B00D53325FAD1D80097485A /* GenraTableViewController.swift in Sources */,
				2B00D50B25FACEF30097485A /* ViewController.swift in Sources */,
				2B00D53025FAD17D0097485A /* AddMovieViewController.swift in Sources */,
				2B00D50725FACEF30097485A /* AppDelegate.swift in Sources */,
				2B00D52325FACFEB0097485A /* AddMovieDelegation.swift in Sources */,
				2B00D51F25FACFA60097485A /* Movie.swift in Sources */,
				2B00D50925FACEF30097485A /* SceneDelegate.swift in Sources */,
				2B00D52D25FAD1350097485A /* MovieTableViewCell.swift in Sources */,
				2B00D52A25FAD09C0097485A /* MovieTableViewController.swift in Sources */,
			);
			runOnlyForDeploymentPostprocessing = 0;
		};
/* End PBXSourcesBuildPhase section */

/* Begin PBXVariantGroup section */
		2B00D50C25FACEF30097485A /* Main.storyboard */ = {
			isa = PBXVariantGroup;
			children = (
				2B00D50D25FACEF30097485A /* Base */,
			);
			name = Main.storyboard;
			sourceTree = "<group>";
		};
		2B00D51125FACEF40097485A /* LaunchScreen.storyboard */ = {
			isa = PBXVariantGroup;
			children = (
				2B00D51225FACEF40097485A /* Base */,
			);
			name = LaunchScreen.storyboard;
			sourceTree = "<group>";
		};
/* End PBXVariantGroup section */

/* Begin XCBuildConfiguration section */
		2B00D51525FACEF40097485A /* Debug */ = {
			isa = XCBuildConfiguration;
			buildSettings = {
				ALWAYS_SEARCH_USER_PATHS = NO;
				CLANG_ANALYZER_NONNULL = YES;
				CLANG_ANALYZER_NUMBER_OBJECT_CONVERSION = YES_AGGRESSIVE;
				CLANG_CXX_LANGUAGE_STANDARD = "gnu++14";
				CLANG_CXX_LIBRARY = "libc++";
				CLANG_ENABLE_MODULES = YES;
				CLANG_ENABLE_OBJC_ARC = YES;
				CLANG_ENABLE_OBJC_WEAK = YES;
				CLANG_WARN_BLOCK_CAPTURE_AUTORELEASING = YES;
				CLANG_WARN_BOOL_CONVERSION = YES;
				CLANG_WARN_COMMA = YES;
				CLANG_WARN_CONSTANT_CONVERSION = YES;
				CLANG_WARN_DEPRECATED_OBJC_IMPLEMENTATIONS = YES;
				CLANG_WARN_DIRECT_OBJC_ISA_USAGE = YES_ERROR;
				CLANG_WARN_DOCUMENTATION_COMMENTS = YES;
				CLANG_WARN_EMPTY_BODY = YES;
				CLANG_WARN_ENUM_CONVERSION = YES;
				CLANG_WARN_INFINITE_RECURSION = YES;
				CLANG_WARN_INT_CONVERSION = YES;
				CLANG_WARN_NON_LITERAL_NULL_CONVERSION = YES;
				CLANG_WARN_OBJC_IMPLICIT_RETAIN_SELF = YES;
				CLANG_WARN_OBJC_LITERAL_CONVERSION = YES;
				CLANG_WARN_OBJC_ROOT_CLASS = YES_ERROR;
				CLANG_WARN_QUOTED_INCLUDE_IN_FRAMEWORK_HEADER = YES;
				CLANG_WARN_RANGE_LOOP_ANALYSIS = YES;
				CLANG_WARN_STRICT_PROTOTYPES = YES;
				CLANG_WARN_SUSPICIOUS_MOVE = YES;
				CLANG_WARN_UNGUARDED_AVAILABILITY = YES_AGGRESSIVE;
				CLANG_WARN_UNREACHABLE_CODE = YES;
				CLANG_WARN__DUPLICATE_METHOD_MATCH = YES;
				COPY_PHASE_STRIP = NO;
				DEBUG_INFORMATION_FORMAT = dwarf;
				ENABLE_STRICT_OBJC_MSGSEND = YES;
				ENABLE_TESTABILITY = YES;
				GCC_C_LANGUAGE_STANDARD = gnu11;
				GCC_DYNAMIC_NO_PIC = NO;
				GCC_NO_COMMON_BLOCKS = YES;
				GCC_OPTIMIZATION_LEVEL = 0;
				GCC_PREPROCESSOR_DEFINITIONS = (
					"DEBUG=1",
					"$(inherited)",
				);
				GCC_WARN_64_TO_32_BIT_CONVERSION = YES;
				GCC_WARN_ABOUT_RETURN_TYPE = YES_ERROR;
				GCC_WARN_UNDECLARED_SELECTOR = YES;
				GCC_WARN_UNINITIALIZED_AUTOS = YES_AGGRESSIVE;
				GCC_WARN_UNUSED_FUNCTION = YES;
				GCC_WARN_UNUSED_VARIABLE = YES;
				IPHONEOS_DEPLOYMENT_TARGET = 14.3;
				MTL_ENABLE_DEBUG_INFO = INCLUDE_SOURCE;
				MTL_FAST_MATH = YES;
				ONLY_ACTIVE_ARCH = YES;
				SDKROOT = iphoneos;
				SWIFT_ACTIVE_COMPILATION_CONDITIONS = DEBUG;
				SWIFT_OPTIMIZATION_LEVEL = "-Onone";
			};
			name = Debug;
		};
		2B00D51625FACEF40097485A /* Release */ = {
			isa = XCBuildConfiguration;
			buildSettings = {
				ALWAYS_SEARCH_USER_PATHS = NO;
				CLANG_ANALYZER_NONNULL = YES;
				CLANG_ANALYZER_NUMBER_OBJECT_CONVERSION = YES_AGGRESSIVE;
				CLANG_CXX_LANGUAGE_STANDARD = "gnu++14";
				CLANG_CXX_LIBRARY = "libc++";
				CLANG_ENABLE_MODULES = YES;
				CLANG_ENABLE_OBJC_ARC = YES;
				CLANG_ENABLE_OBJC_WEAK = YES;
				CLANG_WARN_BLOCK_CAPTURE_AUTORELEASING = YES;
				CLANG_WARN_BOOL_CONVERSION = YES;
				CLANG_WARN_COMMA = YES;
				CLANG_WARN_CONSTANT_CONVERSION = YES;
				CLANG_WARN_DEPRECATED_OBJC_IMPLEMENTATIONS = YES;
				CLANG_WARN_DIRECT_OBJC_ISA_USAGE = YES_ERROR;
				CLANG_WARN_DOCUMENTATION_COMMENTS = YES;
				CLANG_WARN_EMPTY_BODY = YES;
				CLANG_WARN_ENUM_CONVERSION = YES;
				CLANG_WARN_INFINITE_RECURSION = YES;
				CLANG_WARN_INT_CONVERSION = YES;
				CLANG_WARN_NON_LITERAL_NULL_CONVERSION = YES;
				CLANG_WARN_OBJC_IMPLICIT_RETAIN_SELF = YES;
				CLANG_WARN_OBJC_LITERAL_CONVERSION = YES;
				CLANG_WARN_OBJC_ROOT_CLASS = YES_ERROR;
				CLANG_WARN_QUOTED_INCLUDE_IN_FRAMEWORK_HEADER = YES;
				CLANG_WARN_RANGE_LOOP_ANALYSIS = YES;
				CLANG_WARN_STRICT_PROTOTYPES = YES;
				CLANG_WARN_SUSPICIOUS_MOVE = YES;
				CLANG_WARN_UNGUARDED_AVAILABILITY = YES_AGGRESSIVE;
				CLANG_WARN_UNREACHABLE_CODE = YES;
				CLANG_WARN__DUPLICATE_METHOD_MATCH = YES;
				COPY_PHASE_STRIP = NO;
				DEBUG_INFORMATION_FORMAT = "dwarf-with-dsym";
				ENABLE_NS_ASSERTIONS = NO;
				ENABLE_STRICT_OBJC_MSGSEND = YES;
				GCC_C_LANGUAGE_STANDARD = gnu11;
				GCC_NO_COMMON_BLOCKS = YES;
				GCC_WARN_64_TO_32_BIT_CONVERSION = YES;
				GCC_WARN_ABOUT_RETURN_TYPE = YES_ERROR;
				GCC_WARN_UNDECLARED_SELECTOR = YES;
				GCC_WARN_UNINITIALIZED_AUTOS = YES_AGGRESSIVE;
				GCC_WARN_UNUSED_FUNCTION = YES;
				GCC_WARN_UNUSED_VARIABLE = YES;
				IPHONEOS_DEPLOYMENT_TARGET = 14.3;
				MTL_ENABLE_DEBUG_INFO = NO;
				MTL_FAST_MATH = YES;
				SDKROOT = iphoneos;
				SWIFT_COMPILATION_MODE = wholemodule;
				SWIFT_OPTIMIZATION_LEVEL = "-O";
				VALIDATE_PRODUCT = YES;
			};
			name = Release;
		};
		2B00D51825FACEF40097485A /* Debug */ = {
			isa = XCBuildConfiguration;
			buildSettings = {
				ASSETCATALOG_COMPILER_APPICON_NAME = AppIcon;
				ASSETCATALOG_COMPILER_GLOBAL_ACCENT_COLOR_NAME = AccentColor;
				CODE_SIGN_STYLE = Automatic;
				INFOPLIST_FILE = "Movie Application/Info.plist";
				LD_RUNPATH_SEARCH_PATHS = (
					"$(inherited)",
					"@executable_path/Frameworks",
				);
				PRODUCT_BUNDLE_IDENTIFIER = "com.hala.Movie-Application";
				PRODUCT_NAME = "$(TARGET_NAME)";
				SWIFT_VERSION = 5.0;
				TARGETED_DEVICE_FAMILY = "1,2";
			};
			name = Debug;
		};
		2B00D51925FACEF40097485A /* Release */ = {
			isa = XCBuildConfiguration;
			buildSettings = {
				ASSETCATALOG_COMPILER_APPICON_NAME = AppIcon;
				ASSETCATALOG_COMPILER_GLOBAL_ACCENT_COLOR_NAME = AccentColor;
				CODE_SIGN_STYLE = Automatic;
				INFOPLIST_FILE = "Movie Application/Info.plist";
				LD_RUNPATH_SEARCH_PATHS = (
					"$(inherited)",
					"@executable_path/Frameworks",
				);
				PRODUCT_BUNDLE_IDENTIFIER = "com.hala.Movie-Application";
				PRODUCT_NAME = "$(TARGET_NAME)";
				SWIFT_VERSION = 5.0;
				TARGETED_DEVICE_FAMILY = "1,2";
			};
			name = Release;
		};
/* End XCBuildConfiguration section */

/* Begin XCConfigurationList section */
		2B00D4FE25FACEF30097485A /* Build configuration list for PBXProject "Movie Application" */ = {
			isa = XCConfigurationList;
			buildConfigurations = (
				2B00D51525FACEF40097485A /* Debug */,
				2B00D51625FACEF40097485A /* Release */,
			);
			defaultConfigurationIsVisible = 0;
			defaultConfigurationName = Release;
		};
		2B00D51725FACEF40097485A /* Build configuration list for PBXNativeTarget "Movie Application" */ = {
			isa = XCConfigurationList;
			buildConfigurations = (
				2B00D51825FACEF40097485A /* Debug */,
				2B00D51925FACEF40097485A /* Release */,
			);
			defaultConfigurationIsVisible = 0;
			defaultConfigurationName = Release;
		};
/* End XCConfigurationList section */
	};
	rootObject = 2B00D4FB25FACEF30097485A /* Project object */;
}
